{
  "name": "optic-demo",
  "version": "1.0.12",
  "lockfileVersion": 2,
  "requires": true,
  "packages": {
    "": {
      "name": "optic-demo",
      "version": "1.0.12",
      "license": "ISC",
      "dependencies": {
        "jslicense-gpl-3.0": "^0.1.1",
        "lodash": "^4.17.21"
      }
    },
    "node_modules/jslicense-gpl-3.0": {
      "version": "0.1.1",
      "resolved": "https://registry.npmjs.org/jslicense-gpl-3.0/-/jslicense-gpl-3.0-0.1.1.tgz",
      "integrity": "sha512-ZpPLoqnLS0p9+jNUx0G159k+cdE4ExwOpeelTsmNrhWKHDPJwuQ7htCujf5lblmj+3Y/aJoRRdkFxv11Ox4Atg=="
    },
    "node_modules/lodash": {
      "version": "4.17.21",
      "resolved": "https://registry.npmjs.org/lodash/-/lodash-4.17.21.tgz",
      "integrity": "sha512-v2kDEe57lecTulaDIuNTPy3Ry4gLGJ6Z1O3vE1krgXZNrsQ+LFTGHVxVjcXPs17LhbZVGedAJv8XZ1tvj5FvSg=="
    }
  },
  "dependencies": {
    "jslicense-gpl-3.0": {
      "version": "0.1.1",
      "resolved": "https://registry.npmjs.org/jslicense-gpl-3.0/-/jslicense-gpl-3.0-0.1.1.tgz",
      "integrity": "sha512-ZpPLoqnLS0p9+jNUx0G159k+cdE4ExwOpeelTsmNrhWKHDPJwuQ7htCujf5lblmj+3Y/aJoRRdkFxv11Ox4Atg=="
    },
    "lodash": {
      "version": "4.17.21",
      "resolved": "https://registry.npmjs.org/lodash/-/lodash-4.17.21.tgz",
      "integrity": "sha512-v2kDEe57lecTulaDIuNTPy3Ry4gLGJ6Z1O3vE1krgXZNrsQ+LFTGHVxVjcXPs17LhbZVGedAJv8XZ1tvj5FvSg=="
    }
  }
}
